// !$*UTF8*$!
{
	archiveVersion = 1;
	classes = {
	};
	objectVersion = 56;
	objects = {

/* Begin PBXBuildFile section */
		A435E26B2B089C410029C3A7 /* AppDelegate.swift in Sources */ = {isa = PBXBuildFile; fileRef = A435E26A2B089C410029C3A7 /* AppDelegate.swift */; };
		A435E26D2B089C410029C3A7 /* SceneDelegate.swift in Sources */ = {isa = PBXBuildFile; fileRef = A435E26C2B089C410029C3A7 /* SceneDelegate.swift */; };
		A435E26F2B089C410029C3A7 /* HomeViewController.swift in Sources */ = {isa = PBXBuildFile; fileRef = A435E26E2B089C410029C3A7 /* HomeViewController.swift */; };
		A435E2722B089C410029C3A7 /* Main.storyboard in Resources */ = {isa = PBXBuildFile; fileRef = A435E2702B089C410029C3A7 /* Main.storyboard */; };
		A435E2742B089C420029C3A7 /* Assets.xcassets in Resources */ = {isa = PBXBuildFile; fileRef = A435E2732B089C420029C3A7 /* Assets.xcassets */; };
		A435E2772B089C420029C3A7 /* LaunchScreen.storyboard in Resources */ = {isa = PBXBuildFile; fileRef = A435E2752B089C420029C3A7 /* LaunchScreen.storyboard */; };
		A435E2872B08A7B30029C3A7 /* HomeProtocols.swift in Sources */ = {isa = PBXBuildFile; fileRef = A435E2862B08A7B30029C3A7 /* HomeProtocols.swift */; };
		A435E2892B08A7C30029C3A7 /* HomeRouter.swift in Sources */ = {isa = PBXBuildFile; fileRef = A435E2882B08A7C30029C3A7 /* HomeRouter.swift */; };
		A435E28B2B08A7E10029C3A7 /* HomeInteractor.swift in Sources */ = {isa = PBXBuildFile; fileRef = A435E28A2B08A7E10029C3A7 /* HomeInteractor.swift */; };
		A435E28D2B08A83B0029C3A7 /* HomePresenter.swift in Sources */ = {isa = PBXBuildFile; fileRef = A435E28C2B08A83B0029C3A7 /* HomePresenter.swift */; };
		A435E28F2B08E6460029C3A7 /* WeatherEntity.swift in Sources */ = {isa = PBXBuildFile; fileRef = A435E28E2B08E6460029C3A7 /* WeatherEntity.swift */; };
		A435E2922B08EC180029C3A7 /* APICaller.swift in Sources */ = {isa = PBXBuildFile; fileRef = A435E2912B08EC180029C3A7 /* APICaller.swift */; };
		A435E2952B08EDBF0029C3A7 /* Alamofire in Frameworks */ = {isa = PBXBuildFile; productRef = A435E2942B08EDBF0029C3A7 /* Alamofire */; };
		A435E2982B091A550029C3A7 /* WeatherTableViewCell.swift in Sources */ = {isa = PBXBuildFile; fileRef = A435E2972B091A550029C3A7 /* WeatherTableViewCell.swift */; };
		A435E29B2B09396A0029C3A7 /* Kingfisher in Frameworks */ = {isa = PBXBuildFile; productRef = A435E29A2B09396A0029C3A7 /* Kingfisher */; };
		A4FA9B552B0A17F800763C0D /* WeatherCollectionCell.swift in Sources */ = {isa = PBXBuildFile; fileRef = A4FA9B542B0A17F800763C0D /* WeatherCollectionCell.swift */; };
		A4FA9B572B0A4D7500763C0D /* HourlyWeatherEntity.swift in Sources */ = {isa = PBXBuildFile; fileRef = A4FA9B562B0A4D7500763C0D /* HourlyWeatherEntity.swift */; };
		A4FA9B5D2B0A99C700763C0D /* HomeVCExtensions.swift in Sources */ = {isa = PBXBuildFile; fileRef = A4FA9B5C2B0A99C700763C0D /* HomeVCExtensions.swift */; };
/* End PBXBuildFile section */

/* Begin PBXFileReference section */
		A435E2672B089C410029C3A7 /* weatherApp.app */ = {isa = PBXFileReference; explicitFileType = wrapper.application; includeInIndex = 0; path = weatherApp.app; sourceTree = BUILT_PRODUCTS_DIR; };
		A435E26A2B089C410029C3A7 /* AppDelegate.swift */ = {isa = PBXFileReference; lastKnownFileType = sourcecode.swift; path = AppDelegate.swift; sourceTree = "<group>"; };
		A435E26C2B089C410029C3A7 /* SceneDelegate.swift */ = {isa = PBXFileReference; lastKnownFileType = sourcecode.swift; path = SceneDelegate.swift; sourceTree = "<group>"; };
		A435E26E2B089C410029C3A7 /* HomeViewController.swift */ = {isa = PBXFileReference; lastKnownFileType = sourcecode.swift; path = HomeViewController.swift; sourceTree = "<group>"; };
		A435E2712B089C410029C3A7 /* Base */ = {isa = PBXFileReference; lastKnownFileType = file.storyboard; name = Base; path = Base.lproj/Main.storyboard; sourceTree = "<group>"; };
		A435E2732B089C420029C3A7 /* Assets.xcassets */ = {isa = PBXFileReference; lastKnownFileType = folder.assetcatalog; path = Assets.xcassets; sourceTree = "<group>"; };
		A435E2762B089C420029C3A7 /* Base */ = {isa = PBXFileReference; lastKnownFileType = file.storyboard; name = Base; path = Base.lproj/LaunchScreen.storyboard; sourceTree = "<group>"; };
		A435E2782B089C420029C3A7 /* Info.plist */ = {isa = PBXFileReference; lastKnownFileType = text.plist.xml; path = Info.plist; sourceTree = "<group>"; };
		A435E2862B08A7B30029C3A7 /* HomeProtocols.swift */ = {isa = PBXFileReference; lastKnownFileType = sourcecode.swift; path = HomeProtocols.swift; sourceTree = "<group>"; };
		A435E2882B08A7C30029C3A7 /* HomeRouter.swift */ = {isa = PBXFileReference; lastKnownFileType = sourcecode.swift; path = HomeRouter.swift; sourceTree = "<group>"; };
		A435E28A2B08A7E10029C3A7 /* HomeInteractor.swift */ = {isa = PBXFileReference; lastKnownFileType = sourcecode.swift; path = HomeInteractor.swift; sourceTree = "<group>"; };
		A435E28C2B08A83B0029C3A7 /* HomePresenter.swift */ = {isa = PBXFileReference; lastKnownFileType = sourcecode.swift; path = HomePresenter.swift; sourceTree = "<group>"; };
		A435E28E2B08E6460029C3A7 /* WeatherEntity.swift */ = {isa = PBXFileReference; lastKnownFileType = sourcecode.swift; path = WeatherEntity.swift; sourceTree = "<group>"; };
		A435E2912B08EC180029C3A7 /* APICaller.swift */ = {isa = PBXFileReference; lastKnownFileType = sourcecode.swift; path = APICaller.swift; sourceTree = "<group>"; };
		A435E2972B091A550029C3A7 /* WeatherTableViewCell.swift */ = {isa = PBXFileReference; lastKnownFileType = sourcecode.swift; path = WeatherTableViewCell.swift; sourceTree = "<group>"; };
		A4FA9B542B0A17F800763C0D /* WeatherCollectionCell.swift */ = {isa = PBXFileReference; lastKnownFileType = sourcecode.swift; path = WeatherCollectionCell.swift; sourceTree = "<group>"; };
		A4FA9B562B0A4D7500763C0D /* HourlyWeatherEntity.swift */ = {isa = PBXFileReference; lastKnownFileType = sourcecode.swift; path = HourlyWeatherEntity.swift; sourceTree = "<group>"; };
		A4FA9B5C2B0A99C700763C0D /* HomeVCExtensions.swift */ = {isa = PBXFileReference; lastKnownFileType = sourcecode.swift; path = HomeVCExtensions.swift; sourceTree = "<group>"; };
/* End PBXFileReference section */

/* Begin PBXFrameworksBuildPhase section */
		A435E2642B089C410029C3A7 /* Frameworks */ = {
			isa = PBXFrameworksBuildPhase;
			buildActionMask = 2147483647;
			files = (
				A435E29B2B09396A0029C3A7 /* Kingfisher in Frameworks */,
				A435E2952B08EDBF0029C3A7 /* Alamofire in Frameworks */,
			);
			runOnlyForDeploymentPostprocessing = 0;
		};
/* End PBXFrameworksBuildPhase section */

/* Begin PBXGroup section */
		A435E25E2B089C410029C3A7 = {
			isa = PBXGroup;
			children = (
				A435E2692B089C410029C3A7 /* weatherApp */,
				A435E2682B089C410029C3A7 /* Products */,
			);
			sourceTree = "<group>";
		};
		A435E2682B089C410029C3A7 /* Products */ = {
			isa = PBXGroup;
			children = (
				A435E2672B089C410029C3A7 /* weatherApp.app */,
			);
			name = Products;
			sourceTree = "<group>";
		};
		A435E2692B089C410029C3A7 /* weatherApp */ = {
			isa = PBXGroup;
			children = (
				A435E2902B08EC070029C3A7 /* Networking */,
				A435E2852B08A7390029C3A7 /* Resources */,
				A435E2842B08A70C0029C3A7 /* Entity */,
				A435E27E2B089CE00029C3A7 /* home-module */,
				A435E2702B089C410029C3A7 /* Main.storyboard */,
				A435E2752B089C420029C3A7 /* LaunchScreen.storyboard */,
				A435E2782B089C420029C3A7 /* Info.plist */,
			);
			path = weatherApp;
			sourceTree = "<group>";
		};
		A435E27E2B089CE00029C3A7 /* home-module */ = {
			isa = PBXGroup;
			children = (
				A435E2832B08A6EC0029C3A7 /* Protocols */,
				A435E2822B08A6DF0029C3A7 /* Router */,
				A435E2812B08A6D30029C3A7 /* Interactor */,
				A435E2802B08A6C90029C3A7 /* Presenter */,
				A435E27F2B08A6C00029C3A7 /* View */,
			);
			path = "home-module";
			sourceTree = "<group>";
		};
		A435E27F2B08A6C00029C3A7 /* View */ = {
			isa = PBXGroup;
			children = (
				A4FA9B5B2B0A99A500763C0D /* Extensions */,
				A435E2962B091A330029C3A7 /* Cell */,
				A435E26E2B089C410029C3A7 /* HomeViewController.swift */,
			);
			path = View;
			sourceTree = "<group>";
		};
		A435E2802B08A6C90029C3A7 /* Presenter */ = {
			isa = PBXGroup;
			children = (
				A435E28C2B08A83B0029C3A7 /* HomePresenter.swift */,
			);
			path = Presenter;
			sourceTree = "<group>";
		};
		A435E2812B08A6D30029C3A7 /* Interactor */ = {
			isa = PBXGroup;
			children = (
				A435E28A2B08A7E10029C3A7 /* HomeInteractor.swift */,
			);
			path = Interactor;
			sourceTree = "<group>";
		};
		A435E2822B08A6DF0029C3A7 /* Router */ = {
			isa = PBXGroup;
			children = (
				A435E2882B08A7C30029C3A7 /* HomeRouter.swift */,
			);
			path = Router;
			sourceTree = "<group>";
		};
		A435E2832B08A6EC0029C3A7 /* Protocols */ = {
			isa = PBXGroup;
			children = (
				A435E2862B08A7B30029C3A7 /* HomeProtocols.swift */,
			);
			path = Protocols;
			sourceTree = "<group>";
		};
		A435E2842B08A70C0029C3A7 /* Entity */ = {
			isa = PBXGroup;
			children = (
				A435E28E2B08E6460029C3A7 /* WeatherEntity.swift */,
				A4FA9B562B0A4D7500763C0D /* HourlyWeatherEntity.swift */,
			);
			path = Entity;
			sourceTree = "<group>";
		};
		A435E2852B08A7390029C3A7 /* Resources */ = {
			isa = PBXGroup;
			children = (
				A435E26C2B089C410029C3A7 /* SceneDelegate.swift */,
				A435E26A2B089C410029C3A7 /* AppDelegate.swift */,
				A435E2732B089C420029C3A7 /* Assets.xcassets */,
			);
			path = Resources;
			sourceTree = "<group>";
		};
		A435E2902B08EC070029C3A7 /* Networking */ = {
			isa = PBXGroup;
			children = (
				A435E2912B08EC180029C3A7 /* APICaller.swift */,
			);
			path = Networking;
			sourceTree = "<group>";
		};
		A435E2962B091A330029C3A7 /* Cell */ = {
			isa = PBXGroup;
			children = (
				A435E2972B091A550029C3A7 /* WeatherTableViewCell.swift */,
				A4FA9B542B0A17F800763C0D /* WeatherCollectionCell.swift */,
			);
			path = Cell;
			sourceTree = "<group>";
		};
		A4FA9B5B2B0A99A500763C0D /* Extensions */ = {
			isa = PBXGroup;
			children = (
				A4FA9B5C2B0A99C700763C0D /* HomeVCExtensions.swift */,
			);
			path = Extensions;
			sourceTree = "<group>";
		};
/* End PBXGroup section */

/* Begin PBXNativeTarget section */
		A435E2662B089C410029C3A7 /* weatherApp */ = {
			isa = PBXNativeTarget;
			buildConfigurationList = A435E27B2B089C420029C3A7 /* Build configuration list for PBXNativeTarget "weatherApp" */;
			buildPhases = (
				A435E2632B089C410029C3A7 /* Sources */,
				A435E2642B089C410029C3A7 /* Frameworks */,
				A435E2652B089C410029C3A7 /* Resources */,
			);
			buildRules = (
			);
			dependencies = (
			);
			name = weatherApp;
			packageProductDependencies = (
				A435E2942B08EDBF0029C3A7 /* Alamofire */,
				A435E29A2B09396A0029C3A7 /* Kingfisher */,
			);
			productName = weatherApp;
			productReference = A435E2672B089C410029C3A7 /* weatherApp.app */;
			productType = "com.apple.product-type.application";
		};
/* End PBXNativeTarget section */

/* Begin PBXProject section */
		A435E25F2B089C410029C3A7 /* Project object */ = {
			isa = PBXProject;
			attributes = {
				BuildIndependentTargetsInParallel = 1;
				LastSwiftUpdateCheck = 1500;
				LastUpgradeCheck = 1500;
				TargetAttributes = {
					A435E2662B089C410029C3A7 = {
						CreatedOnToolsVersion = 15.0;
					};
				};
			};
			buildConfigurationList = A435E2622B089C410029C3A7 /* Build configuration list for PBXProject "weatherApp" */;
			compatibilityVersion = "Xcode 14.0";
			developmentRegion = en;
			hasScannedForEncodings = 0;
			knownRegions = (
				en,
				Base,
			);
			mainGroup = A435E25E2B089C410029C3A7;
			packageReferences = (
				A435E2932B08EDBF0029C3A7 /* XCRemoteSwiftPackageReference "Alamofire" */,
				A435E2992B09396A0029C3A7 /* XCRemoteSwiftPackageReference "Kingfisher" */,
			);
			productRefGroup = A435E2682B089C410029C3A7 /* Products */;
			projectDirPath = "";
			projectRoot = "";
			targets = (
				A435E2662B089C410029C3A7 /* weatherApp */,
			);
		};
/* End PBXProject section */

/* Begin PBXResourcesBuildPhase section */
		A435E2652B089C410029C3A7 /* Resources */ = {
			isa = PBXResourcesBuildPhase;
			buildActionMask = 2147483647;
			files = (
				A435E2772B089C420029C3A7 /* LaunchScreen.storyboard in Resources */,
				A435E2742B089C420029C3A7 /* Assets.xcassets in Resources */,
				A435E2722B089C410029C3A7 /* Main.storyboard in Resources */,
			);
			runOnlyForDeploymentPostprocessing = 0;
		};
/* End PBXResourcesBuildPhase section */

/* Begin PBXSourcesBuildPhase section */
		A435E2632B089C410029C3A7 /* Sources */ = {
			isa = PBXSourcesBuildPhase;
			buildActionMask = 2147483647;
			files = (
				A435E2982B091A550029C3A7 /* WeatherTableViewCell.swift in Sources */,
				A435E28D2B08A83B0029C3A7 /* HomePresenter.swift in Sources */,
				A4FA9B552B0A17F800763C0D /* WeatherCollectionCell.swift in Sources */,
				A435E2872B08A7B30029C3A7 /* HomeProtocols.swift in Sources */,
				A4FA9B572B0A4D7500763C0D /* HourlyWeatherEntity.swift in Sources */,
				A4FA9B5D2B0A99C700763C0D /* HomeVCExtensions.swift in Sources */,
				A435E26F2B089C410029C3A7 /* HomeViewController.swift in Sources */,
				A435E28F2B08E6460029C3A7 /* WeatherEntity.swift in Sources */,
				A435E2922B08EC180029C3A7 /* APICaller.swift in Sources */,
				A435E26B2B089C410029C3A7 /* AppDelegate.swift in Sources */,
				A435E28B2B08A7E10029C3A7 /* HomeInteractor.swift in Sources */,
				A435E26D2B089C410029C3A7 /* SceneDelegate.swift in Sources */,
				A435E2892B08A7C30029C3A7 /* HomeRouter.swift in Sources */,
			);
			runOnlyForDeploymentPostprocessing = 0;
		};
/* End PBXSourcesBuildPhase section */

/* Begin PBXVariantGroup section */
		A435E2702B089C410029C3A7 /* Main.storyboard */ = {
			isa = PBXVariantGroup;
			children = (
				A435E2712B089C410029C3A7 /* Base */,
			);
			name = Main.storyboard;
			sourceTree = "<group>";
		};
		A435E2752B089C420029C3A7 /* LaunchScreen.storyboard */ = {
			isa = PBXVariantGroup;
			children = (
				A435E2762B089C420029C3A7 /* Base */,
			);
			name = LaunchScreen.storyboard;
			sourceTree = "<group>";
		};
/* End PBXVariantGroup section */

/* Begin XCBuildConfiguration section */
		A435E2792B089C420029C3A7 /* Debug */ = {
			isa = XCBuildConfiguration;
			buildSettings = {
				ALWAYS_SEARCH_USER_PATHS = NO;
				ASSETCATALOG_COMPILER_GENERATE_SWIFT_ASSET_SYMBOL_EXTENSIONS = YES;
				CLANG_ANALYZER_NONNULL = YES;
				CLANG_ANALYZER_NUMBER_OBJECT_CONVERSION = YES_AGGRESSIVE;
				CLANG_CXX_LANGUAGE_STANDARD = "gnu++20";
				CLANG_ENABLE_MODULES = YES;
				CLANG_ENABLE_OBJC_ARC = YES;
				CLANG_ENABLE_OBJC_WEAK = YES;
				CLANG_WARN_BLOCK_CAPTURE_AUTORELEASING = YES;
				CLANG_WARN_BOOL_CONVERSION = YES;
				CLANG_WARN_COMMA = YES;
				CLANG_WARN_CONSTANT_CONVERSION = YES;
				CLANG_WARN_DEPRECATED_OBJC_IMPLEMENTATIONS = YES;
				CLANG_WARN_DIRECT_OBJC_ISA_USAGE = YES_ERROR;
				CLANG_WARN_DOCUMENTATION_COMMENTS = YES;
				CLANG_WARN_EMPTY_BODY = YES;
				CLANG_WARN_ENUM_CONVERSION = YES;
				CLANG_WARN_INFINITE_RECURSION = YES;
				CLANG_WARN_INT_CONVERSION = YES;
				CLANG_WARN_NON_LITERAL_NULL_CONVERSION = YES;
				CLANG_WARN_OBJC_IMPLICIT_RETAIN_SELF = YES;
				CLANG_WARN_OBJC_LITERAL_CONVERSION = YES;
				CLANG_WARN_OBJC_ROOT_CLASS = YES_ERROR;
				CLANG_WARN_QUOTED_INCLUDE_IN_FRAMEWORK_HEADER = YES;
				CLANG_WARN_RANGE_LOOP_ANALYSIS = YES;
				CLANG_WARN_STRICT_PROTOTYPES = YES;
				CLANG_WARN_SUSPICIOUS_MOVE = YES;
				CLANG_WARN_UNGUARDED_AVAILABILITY = YES_AGGRESSIVE;
				CLANG_WARN_UNREACHABLE_CODE = YES;
				CLANG_WARN__DUPLICATE_METHOD_MATCH = YES;
				COPY_PHASE_STRIP = NO;
				DEBUG_INFORMATION_FORMAT = dwarf;
				ENABLE_STRICT_OBJC_MSGSEND = YES;
				ENABLE_TESTABILITY = YES;
				ENABLE_USER_SCRIPT_SANDBOXING = YES;
				GCC_C_LANGUAGE_STANDARD = gnu17;
				GCC_DYNAMIC_NO_PIC = NO;
				GCC_NO_COMMON_BLOCKS = YES;
				GCC_OPTIMIZATION_LEVEL = 0;
				GCC_PREPROCESSOR_DEFINITIONS = (
					"DEBUG=1",
					"$(inherited)",
				);
				GCC_WARN_64_TO_32_BIT_CONVERSION = YES;
				GCC_WARN_ABOUT_RETURN_TYPE = YES_ERROR;
				GCC_WARN_UNDECLARED_SELECTOR = YES;
				GCC_WARN_UNINITIALIZED_AUTOS = YES_AGGRESSIVE;
				GCC_WARN_UNUSED_FUNCTION = YES;
				GCC_WARN_UNUSED_VARIABLE = YES;
				IPHONEOS_DEPLOYMENT_TARGET = 17.0;
				LOCALIZATION_PREFERS_STRING_CATALOGS = YES;
				MTL_ENABLE_DEBUG_INFO = INCLUDE_SOURCE;
				MTL_FAST_MATH = YES;
				ONLY_ACTIVE_ARCH = YES;
				SDKROOT = iphoneos;
				SWIFT_ACTIVE_COMPILATION_CONDITIONS = "DEBUG $(inherited)";
				SWIFT_OPTIMIZATION_LEVEL = "-Onone";
			};
			name = Debug;
		};
		A435E27A2B089C420029C3A7 /* Release */ = {
			isa = XCBuildConfiguration;
			buildSettings = {
				ALWAYS_SEARCH_USER_PATHS = NO;
				ASSETCATALOG_COMPILER_GENERATE_SWIFT_ASSET_SYMBOL_EXTENSIONS = YES;
				CLANG_ANALYZER_NONNULL = YES;
				CLANG_ANALYZER_NUMBER_OBJECT_CONVERSION = YES_AGGRESSIVE;
				CLANG_CXX_LANGUAGE_STANDARD = "gnu++20";
				CLANG_ENABLE_MODULES = YES;
				CLANG_ENABLE_OBJC_ARC = YES;
				CLANG_ENABLE_OBJC_WEAK = YES;
				CLANG_WARN_BLOCK_CAPTURE_AUTORELEASING = YES;
				CLANG_WARN_BOOL_CONVERSION = YES;
				CLANG_WARN_COMMA = YES;
				CLANG_WARN_CONSTANT_CONVERSION = YES;
				CLANG_WARN_DEPRECATED_OBJC_IMPLEMENTATIONS = YES;
				CLANG_WARN_DIRECT_OBJC_ISA_USAGE = YES_ERROR;
				CLANG_WARN_DOCUMENTATION_COMMENTS = YES;
				CLANG_WARN_EMPTY_BODY = YES;
				CLANG_WARN_ENUM_CONVERSION = YES;
				CLANG_WARN_INFINITE_RECURSION = YES;
				CLANG_WARN_INT_CONVERSION = YES;
				CLANG_WARN_NON_LITERAL_NULL_CONVERSION = YES;
				CLANG_WARN_OBJC_IMPLICIT_RETAIN_SELF = YES;
				CLANG_WARN_OBJC_LITERAL_CONVERSION = YES;
				CLANG_WARN_OBJC_ROOT_CLASS = YES_ERROR;
				CLANG_WARN_QUOTED_INCLUDE_IN_FRAMEWORK_HEADER = YES;
				CLANG_WARN_RANGE_LOOP_ANALYSIS = YES;
				CLANG_WARN_STRICT_PROTOTYPES = YES;
				CLANG_WARN_SUSPICIOUS_MOVE = YES;
				CLANG_WARN_UNGUARDED_AVAILABILITY = YES_AGGRESSIVE;
				CLANG_WARN_UNREACHABLE_CODE = YES;
				CLANG_WARN__DUPLICATE_METHOD_MATCH = YES;
				COPY_PHASE_STRIP = NO;
				DEBUG_INFORMATION_FORMAT = "dwarf-with-dsym";
				ENABLE_NS_ASSERTIONS = NO;
				ENABLE_STRICT_OBJC_MSGSEND = YES;
				ENABLE_USER_SCRIPT_SANDBOXING = YES;
				GCC_C_LANGUAGE_STANDARD = gnu17;
				GCC_NO_COMMON_BLOCKS = YES;
				GCC_WARN_64_TO_32_BIT_CONVERSION = YES;
				GCC_WARN_ABOUT_RETURN_TYPE = YES_ERROR;
				GCC_WARN_UNDECLARED_SELECTOR = YES;
				GCC_WARN_UNINITIALIZED_AUTOS = YES_AGGRESSIVE;
				GCC_WARN_UNUSED_FUNCTION = YES;
				GCC_WARN_UNUSED_VARIABLE = YES;
				IPHONEOS_DEPLOYMENT_TARGET = 17.0;
				LOCALIZATION_PREFERS_STRING_CATALOGS = YES;
				MTL_ENABLE_DEBUG_INFO = NO;
				MTL_FAST_MATH = YES;
				SDKROOT = iphoneos;
				SWIFT_COMPILATION_MODE = wholemodule;
				VALIDATE_PRODUCT = YES;
			};
			name = Release;
		};
		A435E27C2B089C420029C3A7 /* Debug */ = {
			isa = XCBuildConfiguration;
			buildSettings = {
				ASSETCATALOG_COMPILER_APPICON_NAME = AppIcon;
				ASSETCATALOG_COMPILER_GLOBAL_ACCENT_COLOR_NAME = AccentColor;
				CODE_SIGN_STYLE = Automatic;
				CURRENT_PROJECT_VERSION = 1;
				DEVELOPMENT_TEAM = NF9R7KNMC7;
				GENERATE_INFOPLIST_FILE = YES;
				INFOPLIST_FILE = weatherApp/Info.plist;
				INFOPLIST_KEY_NSLocationWhenInUseUsageDescription = "allow locations";
				INFOPLIST_KEY_UIApplicationSupportsIndirectInputEvents = YES;
				INFOPLIST_KEY_UILaunchStoryboardName = LaunchScreen;
				INFOPLIST_KEY_UIMainStoryboardFile = Main;
				INFOPLIST_KEY_UISupportedInterfaceOrientations_iPad = "UIInterfaceOrientationPortrait UIInterfaceOrientationPortraitUpsideDown UIInterfaceOrientationLandscapeLeft UIInterfaceOrientationLandscapeRight";
				INFOPLIST_KEY_UISupportedInterfaceOrientations_iPhone = "UIInterfaceOrientationPortrait UIInterfaceOrientationLandscapeLeft UIInterfaceOrientationLandscapeRight";
				LD_RUNPATH_SEARCH_PATHS = (
					"$(inherited)",
					"@executable_path/Frameworks",
				);
				MARKETING_VERSION = 1.0;
				PRODUCT_BUNDLE_IDENTIFIER = com.eyuphanakkaya.weatherApp;
				PRODUCT_NAME = "$(TARGET_NAME)";
				SWIFT_EMIT_LOC_STRINGS = YES;
				SWIFT_VERSION = 5.0;
				TARGETED_DEVICE_FAMILY = "1,2";
			};
			name = Debug;
		};
		A435E27D2B089C420029C3A7 /* Release */ = {
			isa = XCBuildConfiguration;
			buildSettings = {
				ASSETCATALOG_COMPILER_APPICON_NAME = AppIcon;
				ASSETCATALOG_COMPILER_GLOBAL_ACCENT_COLOR_NAME = AccentColor;
				CODE_SIGN_STYLE = Automatic;
				CURRENT_PROJECT_VERSION = 1;
				DEVELOPMENT_TEAM = NF9R7KNMC7;
				GENERATE_INFOPLIST_FILE = YES;
				INFOPLIST_FILE = weatherApp/Info.plist;
				INFOPLIST_KEY_NSLocationWhenInUseUsageDescription = "allow locations";
				INFOPLIST_KEY_UIApplicationSupportsIndirectInputEvents = YES;
				INFOPLIST_KEY_UILaunchStoryboardName = LaunchScreen;
				INFOPLIST_KEY_UIMainStoryboardFile = Main;
				INFOPLIST_KEY_UISupportedInterfaceOrientations_iPad = "UIInterfaceOrientationPortrait UIInterfaceOrientationPortraitUpsideDown UIInterfaceOrientationLandscapeLeft UIInterfaceOrientationLandscapeRight";
				INFOPLIST_KEY_UISupportedInterfaceOrientations_iPhone = "UIInterfaceOrientationPortrait UIInterfaceOrientationLandscapeLeft UIInterfaceOrientationLandscapeRight";
				LD_RUNPATH_SEARCH_PATHS = (
					"$(inherited)",
					"@executable_path/Frameworks",
				);
				MARKETING_VERSION = 1.0;
				PRODUCT_BUNDLE_IDENTIFIER = com.eyuphanakkaya.weatherApp;
				PRODUCT_NAME = "$(TARGET_NAME)";
				SWIFT_EMIT_LOC_STRINGS = YES;
				SWIFT_VERSION = 5.0;
				TARGETED_DEVICE_FAMILY = "1,2";
			};
			name = Release;
		};
/* End XCBuildConfiguration section */

/* Begin XCConfigurationList section */
		A435E2622B089C410029C3A7 /* Build configuration list for PBXProject "weatherApp" */ = {
			isa = XCConfigurationList;
			buildConfigurations = (
				A435E2792B089C420029C3A7 /* Debug */,
				A435E27A2B089C420029C3A7 /* Release */,
			);
			defaultConfigurationIsVisible = 0;
			defaultConfigurationName = Release;
		};
		A435E27B2B089C420029C3A7 /* Build configuration list for PBXNativeTarget "weatherApp" */ = {
			isa = XCConfigurationList;
			buildConfigurations = (
				A435E27C2B089C420029C3A7 /* Debug */,
				A435E27D2B089C420029C3A7 /* Release */,
			);
			defaultConfigurationIsVisible = 0;
			defaultConfigurationName = Release;
		};
/* End XCConfigurationList section */

/* Begin XCRemoteSwiftPackageReference section */
		A435E2932B08EDBF0029C3A7 /* XCRemoteSwiftPackageReference "Alamofire" */ = {
			isa = XCRemoteSwiftPackageReference;
			repositoryURL = "https://github.com/Alamofire/Alamofire.git";
			requirement = {
				kind = upToNextMajorVersion;
				minimumVersion = 5.8.1;
			};
		};
		A435E2992B09396A0029C3A7 /* XCRemoteSwiftPackageReference "Kingfisher" */ = {
			isa = XCRemoteSwiftPackageReference;
			repositoryURL = "https://github.com/onevcat/Kingfisher.git";
			requirement = {
				kind = upToNextMajorVersion;
				minimumVersion = 7.10.0;
			};
		};
/* End XCRemoteSwiftPackageReference section */

/* Begin XCSwiftPackageProductDependency section */
		A435E2942B08EDBF0029C3A7 /* Alamofire */ = {
			isa = XCSwiftPackageProductDependency;
			package = A435E2932B08EDBF0029C3A7 /* XCRemoteSwiftPackageReference "Alamofire" */;
			productName = Alamofire;
		};
		A435E29A2B09396A0029C3A7 /* Kingfisher */ = {
			isa = XCSwiftPackageProductDependency;
			package = A435E2992B09396A0029C3A7 /* XCRemoteSwiftPackageReference "Kingfisher" */;
			productName = Kingfisher;
		};
/* End XCSwiftPackageProductDependency section */
	};
	rootObject = A435E25F2B089C410029C3A7 /* Project object */;
}
